
Microsoft Visual Studio Solution File, Format Version 12.00
# Visual Studio Version 16
VisualStudioVersion = 16.0.31702.278
MinimumVisualStudioVersion = 10.0.40219.1
Project("{FAE04EC0-301F-11D3-BF4B-00C04F79EFBC}") = "WebProje", "WebProje\WebProje.csproj", "{13A457CD-34E9-42C1-89EE-C469C3457526}"
EndProject
Global
	GlobalSection(SolutionConfigurationPlatforms) = preSolution
		Debug|Any CPU = Debug|Any CPU
		Release|Any CPU = Release|Any CPU
	EndGlobalSection
	GlobalSection(ProjectConfigurationPlatforms) = postSolution
		{13A457CD-34E9-42C1-89EE-C469C3457526}.Debug|Any CPU.ActiveCfg = Debug|Any CPU
		{13A457CD-34E9-42C1-89EE-C469C3457526}.Debug|Any CPU.Build.0 = Debug|Any CPU
		{13A457CD-34E9-42C1-89EE-C469C3457526}.Release|Any CPU.ActiveCfg = Release|Any CPU
		{13A457CD-34E9-42C1-89EE-C469C3457526}.Release|Any CPU.Build.0 = Release|Any CPU
	EndGlobalSection
	GlobalSection(SolutionProperties) = preSolution
		HideSolutionNode = FALSE
	EndGlobalSection
	GlobalSection(ExtensibilityGlobals) = postSolution
		SolutionGuid = {5156C274-7E6F-4896-B23C-B8B8A2B27026}
	EndGlobalSection
EndGlobal
